
Microsoft Visual Studio Solution File, Format Version 12.00
# Visual Studio for Mac
Project("{FAE04EC0-301F-11D3-BF4B-00C04F79EFBC}") = "Puzzler", "Puzzler.csproj", "{B4A6031B-A58E-1CF2-F868-64259CD023B1}"
EndProject
Project("{FAE04EC0-301F-11D3-BF4B-00C04F79EFBC}") = "Puzzler.Plugins", "Puzzler.Plugins.csproj", "{2B1B3505-F82B-A86F-3ECD-D89878CEEBD2}"
EndProject
Project("{FAE04EC0-301F-11D3-BF4B-00C04F79EFBC}") = "Puzzler.Editor", "Puzzler.Editor.csproj", "{4CE6F25F-C3B5-F804-B675-93055F921DC4}"
EndProject
Global
	GlobalSection(SolutionConfigurationPlatforms) = preSolution
		Debug|Any CPU = Debug|Any CPU
		Release|Any CPU = Release|Any CPU
	EndGlobalSection
	GlobalSection(ProjectConfigurationPlatforms) = postSolution
		{B4A6031B-A58E-1CF2-F868-64259CD023B1}.Debug|Any CPU.ActiveCfg = Debug|Any CPU
		{B4A6031B-A58E-1CF2-F868-64259CD023B1}.Debug|Any CPU.Build.0 = Debug|Any CPU
		{B4A6031B-A58E-1CF2-F868-64259CD023B1}.Release|Any CPU.ActiveCfg = Release|Any CPU
		{B4A6031B-A58E-1CF2-F868-64259CD023B1}.Release|Any CPU.Build.0 = Release|Any CPU
		{2B1B3505-F82B-A86F-3ECD-D89878CEEBD2}.Debug|Any CPU.ActiveCfg = Debug|Any CPU
		{2B1B3505-F82B-A86F-3ECD-D89878CEEBD2}.Debug|Any CPU.Build.0 = Debug|Any CPU
		{2B1B3505-F82B-A86F-3ECD-D89878CEEBD2}.Release|Any CPU.ActiveCfg = Release|Any CPU
		{2B1B3505-F82B-A86F-3ECD-D89878CEEBD2}.Release|Any CPU.Build.0 = Release|Any CPU
		{4CE6F25F-C3B5-F804-B675-93055F921DC4}.Debug|Any CPU.ActiveCfg = Debug|Any CPU
		{4CE6F25F-C3B5-F804-B675-93055F921DC4}.Debug|Any CPU.Build.0 = Debug|Any CPU
		{4CE6F25F-C3B5-F804-B675-93055F921DC4}.Release|Any CPU.ActiveCfg = Release|Any CPU
		{4CE6F25F-C3B5-F804-B675-93055F921DC4}.Release|Any CPU.Build.0 = Release|Any CPU
	EndGlobalSection
	GlobalSection(SolutionProperties) = preSolution
		HideSolutionNode = FALSE
	EndGlobalSection
EndGlobal
